// !$*UTF8*$!
{
	archiveVersion = 1;
	classes = {
	};
	objectVersion = 48;
	objects = {

/* Begin PBXBuildFile section */
		EB5F05671FD8E24400EDEB3C /* AppDelegate.swift in Sources */ = {isa = PBXBuildFile; fileRef = EB5F05661FD8E24400EDEB3C /* AppDelegate.swift */; };
		EB5F056C1FD8E24500EDEB3C /* Main.storyboard in Resources */ = {isa = PBXBuildFile; fileRef = EB5F056A1FD8E24500EDEB3C /* Main.storyboard */; };
		EB5F056E1FD8E24500EDEB3C /* Assets.xcassets in Resources */ = {isa = PBXBuildFile; fileRef = EB5F056D1FD8E24500EDEB3C /* Assets.xcassets */; };
		EB5F05711FD8E24500EDEB3C /* LaunchScreen.storyboard in Resources */ = {isa = PBXBuildFile; fileRef = EB5F056F1FD8E24500EDEB3C /* LaunchScreen.storyboard */; };
		EB5F057C1FD8E24500EDEB3C /* RockPaperScissorsTests.swift in Sources */ = {isa = PBXBuildFile; fileRef = EB5F057B1FD8E24500EDEB3C /* RockPaperScissorsTests.swift */; };
		EB5F05871FD8E24500EDEB3C /* RockPaperScissorsUITests.swift in Sources */ = {isa = PBXBuildFile; fileRef = EB5F05861FD8E24500EDEB3C /* RockPaperScissorsUITests.swift */; };
		EB5F05951FD8EB9300EDEB3C /* RPSViewController.swift in Sources */ = {isa = PBXBuildFile; fileRef = EB5F05941FD8EB9300EDEB3C /* RPSViewController.swift */; };
/* End PBXBuildFile section */

/* Begin PBXContainerItemProxy section */
		EB5F05781FD8E24500EDEB3C /* PBXContainerItemProxy */ = {
			isa = PBXContainerItemProxy;
			containerPortal = EB5F055B1FD8E24400EDEB3C /* Project object */;
			proxyType = 1;
			remoteGlobalIDString = EB5F05621FD8E24400EDEB3C;
			remoteInfo = RockPaperScissors;
		};
		EB5F05831FD8E24500EDEB3C /* PBXContainerItemProxy */ = {
			isa = PBXContainerItemProxy;
			containerPortal = EB5F055B1FD8E24400EDEB3C /* Project object */;
			proxyType = 1;
			remoteGlobalIDString = EB5F05621FD8E24400EDEB3C;
			remoteInfo = RockPaperScissors;
		};
/* End PBXContainerItemProxy section */

/* Begin PBXFileReference section */
		EB5F05631FD8E24400EDEB3C /* RockPaperScissors.app */ = {isa = PBXFileReference; explicitFileType = wrapper.application; includeInIndex = 0; path = RockPaperScissors.app; sourceTree = BUILT_PRODUCTS_DIR; };
		EB5F05661FD8E24400EDEB3C /* AppDelegate.swift */ = {isa = PBXFileReference; lastKnownFileType = sourcecode.swift; path = AppDelegate.swift; sourceTree = "<group>"; };
		EB5F056B1FD8E24500EDEB3C /* Base */ = {isa = PBXFileReference; lastKnownFileType = file.storyboard; name = Base; path = Base.lproj/Main.storyboard; sourceTree = "<group>"; };
		EB5F056D1FD8E24500EDEB3C /* Assets.xcassets */ = {isa = PBXFileReference; lastKnownFileType = folder.assetcatalog; path = Assets.xcassets; sourceTree = "<group>"; };
		EB5F05701FD8E24500EDEB3C /* Base */ = {isa = PBXFileReference; lastKnownFileType = file.storyboard; name = Base; path = Base.lproj/LaunchScreen.storyboard; sourceTree = "<group>"; };
		EB5F05721FD8E24500EDEB3C /* Info.plist */ = {isa = PBXFileReference; lastKnownFileType = text.plist.xml; path = Info.plist; sourceTree = "<group>"; };
		EB5F05771FD8E24500EDEB3C /* RockPaperScissorsTests.xctest */ = {isa = PBXFileReference; explicitFileType = wrapper.cfbundle; includeInIndex = 0; path = RockPaperScissorsTests.xctest; sourceTree = BUILT_PRODUCTS_DIR; };
		EB5F057B1FD8E24500EDEB3C /* RockPaperScissorsTests.swift */ = {isa = PBXFileReference; lastKnownFileType = sourcecode.swift; path = RockPaperScissorsTests.swift; sourceTree = "<group>"; };
		EB5F057D1FD8E24500EDEB3C /* Info.plist */ = {isa = PBXFileReference; lastKnownFileType = text.plist.xml; path = Info.plist; sourceTree = "<group>"; };
		EB5F05821FD8E24500EDEB3C /* RockPaperScissorsUITests.xctest */ = {isa = PBXFileReference; explicitFileType = wrapper.cfbundle; includeInIndex = 0; path = RockPaperScissorsUITests.xctest; sourceTree = BUILT_PRODUCTS_DIR; };
		EB5F05861FD8E24500EDEB3C /* RockPaperScissorsUITests.swift */ = {isa = PBXFileReference; lastKnownFileType = sourcecode.swift; path = RockPaperScissorsUITests.swift; sourceTree = "<group>"; };
		EB5F05881FD8E24500EDEB3C /* Info.plist */ = {isa = PBXFileReference; lastKnownFileType = text.plist.xml; path = Info.plist; sourceTree = "<group>"; };
		EB5F05941FD8EB9300EDEB3C /* RPSViewController.swift */ = {isa = PBXFileReference; lastKnownFileType = sourcecode.swift; path = RPSViewController.swift; sourceTree = "<group>"; };
/* End PBXFileReference section */

/* Begin PBXFrameworksBuildPhase section */
		EB5F05601FD8E24400EDEB3C /* Frameworks */ = {
			isa = PBXFrameworksBuildPhase;
			buildActionMask = 2147483647;
			files = (
			);
			runOnlyForDeploymentPostprocessing = 0;
		};
		EB5F05741FD8E24500EDEB3C /* Frameworks */ = {
			isa = PBXFrameworksBuildPhase;
			buildActionMask = 2147483647;
			files = (
			);
			runOnlyForDeploymentPostprocessing = 0;
		};
		EB5F057F1FD8E24500EDEB3C /* Frameworks */ = {
			isa = PBXFrameworksBuildPhase;
			buildActionMask = 2147483647;
			files = (
			);
			runOnlyForDeploymentPostprocessing = 0;
		};
/* End PBXFrameworksBuildPhase section */

/* Begin PBXGroup section */
		EB5F055A1FD8E24400EDEB3C = {
			isa = PBXGroup;
			children = (
				EB5F05651FD8E24400EDEB3C /* RockPaperScissors */,
				EB5F057A1FD8E24500EDEB3C /* RockPaperScissorsTests */,
				EB5F05851FD8E24500EDEB3C /* RockPaperScissorsUITests */,
				EB5F05641FD8E24400EDEB3C /* Products */,
			);
			sourceTree = "<group>";
		};
		EB5F05641FD8E24400EDEB3C /* Products */ = {
			isa = PBXGroup;
			children = (
				EB5F05631FD8E24400EDEB3C /* RockPaperScissors.app */,
				EB5F05771FD8E24500EDEB3C /* RockPaperScissorsTests.xctest */,
				EB5F05821FD8E24500EDEB3C /* RockPaperScissorsUITests.xctest */,
			);
			name = Products;
			sourceTree = "<group>";
		};
		EB5F05651FD8E24400EDEB3C /* RockPaperScissors */ = {
			isa = PBXGroup;
			children = (
				EB5F05661FD8E24400EDEB3C /* AppDelegate.swift */,
				EB5F05941FD8EB9300EDEB3C /* RPSViewController.swift */,
				EB5F056A1FD8E24500EDEB3C /* Main.storyboard */,
				EB5F056D1FD8E24500EDEB3C /* Assets.xcassets */,
				EB5F056F1FD8E24500EDEB3C /* LaunchScreen.storyboard */,
				EB5F05721FD8E24500EDEB3C /* Info.plist */,
			);
			path = RockPaperScissors;
			sourceTree = "<group>";
		};
		EB5F057A1FD8E24500EDEB3C /* RockPaperScissorsTests */ = {
			isa = PBXGroup;
			children = (
				EB5F057B1FD8E24500EDEB3C /* RockPaperScissorsTests.swift */,
				EB5F057D1FD8E24500EDEB3C /* Info.plist */,
			);
			path = RockPaperScissorsTests;
			sourceTree = "<group>";
		};
		EB5F05851FD8E24500EDEB3C /* RockPaperScissorsUITests */ = {
			isa = PBXGroup;
			children = (
				EB5F05861FD8E24500EDEB3C /* RockPaperScissorsUITests.swift */,
				EB5F05881FD8E24500EDEB3C /* Info.plist */,
			);
			path = RockPaperScissorsUITests;
			sourceTree = "<group>";
		};
/* End PBXGroup section */

/* Begin PBXNativeTarget section */
		EB5F05621FD8E24400EDEB3C /* RockPaperScissors */ = {
			isa = PBXNativeTarget;
			buildConfigurationList = EB5F058B1FD8E24500EDEB3C /* Build configuration list for PBXNativeTarget "RockPaperScissors" */;
			buildPhases = (
				EB5F055F1FD8E24400EDEB3C /* Sources */,
				EB5F05601FD8E24400EDEB3C /* Frameworks */,
				EB5F05611FD8E24400EDEB3C /* Resources */,
			);
			buildRules = (
			);
			dependencies = (
			);
			name = RockPaperScissors;
			productName = RockPaperScissors;
			productReference = EB5F05631FD8E24400EDEB3C /* RockPaperScissors.app */;
			productType = "com.apple.product-type.application";
		};
		EB5F05761FD8E24500EDEB3C /* RockPaperScissorsTests */ = {
			isa = PBXNativeTarget;
			buildConfigurationList = EB5F058E1FD8E24500EDEB3C /* Build configuration list for PBXNativeTarget "RockPaperScissorsTests" */;
			buildPhases = (
				EB5F05731FD8E24500EDEB3C /* Sources */,
				EB5F05741FD8E24500EDEB3C /* Frameworks */,
				EB5F05751FD8E24500EDEB3C /* Resources */,
			);
			buildRules = (
			);
			dependencies = (
				EB5F05791FD8E24500EDEB3C /* PBXTargetDependency */,
			);
			name = RockPaperScissorsTests;
			productName = RockPaperScissorsTests;
			productReference = EB5F05771FD8E24500EDEB3C /* RockPaperScissorsTests.xctest */;
			productType = "com.apple.product-type.bundle.unit-test";
		};
		EB5F05811FD8E24500EDEB3C /* RockPaperScissorsUITests */ = {
			isa = PBXNativeTarget;
			buildConfigurationList = EB5F05911FD8E24500EDEB3C /* Build configuration list for PBXNativeTarget "RockPaperScissorsUITests" */;
			buildPhases = (
				EB5F057E1FD8E24500EDEB3C /* Sources */,
				EB5F057F1FD8E24500EDEB3C /* Frameworks */,
				EB5F05801FD8E24500EDEB3C /* Resources */,
			);
			buildRules = (
			);
			dependencies = (
				EB5F05841FD8E24500EDEB3C /* PBXTargetDependency */,
			);
			name = RockPaperScissorsUITests;
			productName = RockPaperScissorsUITests;
			productReference = EB5F05821FD8E24500EDEB3C /* RockPaperScissorsUITests.xctest */;
			productType = "com.apple.product-type.bundle.ui-testing";
		};
/* End PBXNativeTarget section */

/* Begin PBXProject section */
		EB5F055B1FD8E24400EDEB3C /* Project object */ = {
			isa = PBXProject;
			attributes = {
				LastSwiftUpdateCheck = 0920;
				LastUpgradeCheck = 0920;
				ORGANIZATIONNAME = 98Chimp;
				TargetAttributes = {
					EB5F05621FD8E24400EDEB3C = {
						CreatedOnToolsVersion = 9.2;
						ProvisioningStyle = Automatic;
					};
					EB5F05761FD8E24500EDEB3C = {
						CreatedOnToolsVersion = 9.2;
						ProvisioningStyle = Automatic;
						TestTargetID = EB5F05621FD8E24400EDEB3C;
					};
					EB5F05811FD8E24500EDEB3C = {
						CreatedOnToolsVersion = 9.2;
						ProvisioningStyle = Automatic;
						TestTargetID = EB5F05621FD8E24400EDEB3C;
					};
				};
			};
			buildConfigurationList = EB5F055E1FD8E24400EDEB3C /* Build configuration list for PBXProject "RockPaperScissors" */;
			compatibilityVersion = "Xcode 8.0";
			developmentRegion = en;
			hasScannedForEncodings = 0;
			knownRegions = (
				en,
				Base,
			);
			mainGroup = EB5F055A1FD8E24400EDEB3C;
			productRefGroup = EB5F05641FD8E24400EDEB3C /* Products */;
			projectDirPath = "";
			projectRoot = "";
			targets = (
				EB5F05621FD8E24400EDEB3C /* RockPaperScissors */,
				EB5F05761FD8E24500EDEB3C /* RockPaperScissorsTests */,
				EB5F05811FD8E24500EDEB3C /* RockPaperScissorsUITests */,
			);
		};
/* End PBXProject section */

/* Begin PBXResourcesBuildPhase section */
		EB5F05611FD8E24400EDEB3C /* Resources */ = {
			isa = PBXResourcesBuildPhase;
			buildActionMask = 2147483647;
			files = (
				EB5F05711FD8E24500EDEB3C /* LaunchScreen.storyboard in Resources */,
				EB5F056E1FD8E24500EDEB3C /* Assets.xcassets in Resources */,
				EB5F056C1FD8E24500EDEB3C /* Main.storyboard in Resources */,
			);
			runOnlyForDeploymentPostprocessing = 0;
		};
		EB5F05751FD8E24500EDEB3C /* Resources */ = {
			isa = PBXResourcesBuildPhase;
			buildActionMask = 2147483647;
			files = (
			);
			runOnlyForDeploymentPostprocessing = 0;
		};
		EB5F05801FD8E24500EDEB3C /* Resources */ = {
			isa = PBXResourcesBuildPhase;
			buildActionMask = 2147483647;
			files = (
			);
			runOnlyForDeploymentPostprocessing = 0;
		};
/* End PBXResourcesBuildPhase section */

/* Begin PBXSourcesBuildPhase section */
		EB5F055F1FD8E24400EDEB3C /* Sources */ = {
			isa = PBXSourcesBuildPhase;
			buildActionMask = 2147483647;
			files = (
				EB5F05951FD8EB9300EDEB3C /* RPSViewController.swift in Sources */,
				EB5F05671FD8E24400EDEB3C /* AppDelegate.swift in Sources */,
			);
			runOnlyForDeploymentPostprocessing = 0;
		};
		EB5F05731FD8E24500EDEB3C /* Sources */ = {
			isa = PBXSourcesBuildPhase;
			buildActionMask = 2147483647;
			files = (
				EB5F057C1FD8E24500EDEB3C /* RockPaperScissorsTests.swift in Sources */,
			);
			runOnlyForDeploymentPostprocessing = 0;
		};
		EB5F057E1FD8E24500EDEB3C /* Sources */ = {
			isa = PBXSourcesBuildPhase;
			buildActionMask = 2147483647;
			files = (
				EB5F05871FD8E24500EDEB3C /* RockPaperScissorsUITests.swift in Sources */,
			);
			runOnlyForDeploymentPostprocessing = 0;
		};
/* End PBXSourcesBuildPhase section */

/* Begin PBXTargetDependency section */
		EB5F05791FD8E24500EDEB3C /* PBXTargetDependency */ = {
			isa = PBXTargetDependency;
			target = EB5F05621FD8E24400EDEB3C /* RockPaperScissors */;
			targetProxy = EB5F05781FD8E24500EDEB3C /* PBXContainerItemProxy */;
		};
		EB5F05841FD8E24500EDEB3C /* PBXTargetDependency */ = {
			isa = PBXTargetDependency;
			target = EB5F05621FD8E24400EDEB3C /* RockPaperScissors */;
			targetProxy = EB5F05831FD8E24500EDEB3C /* PBXContainerItemProxy */;
		};
/* End PBXTargetDependency section */

/* Begin PBXVariantGroup section */
		EB5F056A1FD8E24500EDEB3C /* Main.storyboard */ = {
			isa = PBXVariantGroup;
			children = (
				EB5F056B1FD8E24500EDEB3C /* Base */,
			);
			name = Main.storyboard;
			sourceTree = "<group>";
		};
		EB5F056F1FD8E24500EDEB3C /* LaunchScreen.storyboard */ = {
			isa = PBXVariantGroup;
			children = (
				EB5F05701FD8E24500EDEB3C /* Base */,
			);
			name = LaunchScreen.storyboard;
			sourceTree = "<group>";
		};
/* End PBXVariantGroup section */

/* Begin XCBuildConfiguration section */
		EB5F05891FD8E24500EDEB3C /* Debug */ = {
			isa = XCBuildConfiguration;
			buildSettings = {
				ALWAYS_SEARCH_USER_PATHS = NO;
				CLANG_ANALYZER_NONNULL = YES;
				CLANG_ANALYZER_NUMBER_OBJECT_CONVERSION = YES_AGGRESSIVE;
				CLANG_CXX_LANGUAGE_STANDARD = "gnu++14";
				CLANG_CXX_LIBRARY = "libc++";
				CLANG_ENABLE_MODULES = YES;
				CLANG_ENABLE_OBJC_ARC = YES;
				CLANG_WARN_BLOCK_CAPTURE_AUTORELEASING = YES;
				CLANG_WARN_BOOL_CONVERSION = YES;
				CLANG_WARN_COMMA = YES;
				CLANG_WARN_CONSTANT_CONVERSION = YES;
				CLANG_WARN_DIRECT_OBJC_ISA_USAGE = YES_ERROR;
				CLANG_WARN_DOCUMENTATION_COMMENTS = YES;
				CLANG_WARN_EMPTY_BODY = YES;
				CLANG_WARN_ENUM_CONVERSION = YES;
				CLANG_WARN_INFINITE_RECURSION = YES;
				CLANG_WARN_INT_CONVERSION = YES;
				CLANG_WARN_NON_LITERAL_NULL_CONVERSION = YES;
				CLANG_WARN_OBJC_LITERAL_CONVERSION = YES;
				CLANG_WARN_OBJC_ROOT_CLASS = YES_ERROR;
				CLANG_WARN_RANGE_LOOP_ANALYSIS = YES;
				CLANG_WARN_STRICT_PROTOTYPES = YES;
				CLANG_WARN_SUSPICIOUS_MOVE = YES;
				CLANG_WARN_UNGUARDED_AVAILABILITY = YES_AGGRESSIVE;
				CLANG_WARN_UNREACHABLE_CODE = YES;
				CLANG_WARN__DUPLICATE_METHOD_MATCH = YES;
				CODE_SIGN_IDENTITY = "iPhone Developer";
				COPY_PHASE_STRIP = NO;
				DEBUG_INFORMATION_FORMAT = dwarf;
				ENABLE_STRICT_OBJC_MSGSEND = YES;
				ENABLE_TESTABILITY = YES;
				GCC_C_LANGUAGE_STANDARD = gnu11;
				GCC_DYNAMIC_NO_PIC = NO;
				GCC_NO_COMMON_BLOCKS = YES;
				GCC_OPTIMIZATION_LEVEL = 0;
				GCC_PREPROCESSOR_DEFINITIONS = (
					"DEBUG=1",
					"$(inherited)",
				);
				GCC_WARN_64_TO_32_BIT_CONVERSION = YES;
				GCC_WARN_ABOUT_RETURN_TYPE = YES_ERROR;
				GCC_WARN_UNDECLARED_SELECTOR = YES;
				GCC_WARN_UNINITIALIZED_AUTOS = YES_AGGRESSIVE;
				GCC_WARN_UNUSED_FUNCTION = YES;
				GCC_WARN_UNUSED_VARIABLE = YES;
				IPHONEOS_DEPLOYMENT_TARGET = 11.2;
				MTL_ENABLE_DEBUG_INFO = YES;
				ONLY_ACTIVE_ARCH = YES;
				SDKROOT = iphoneos;
				SWIFT_ACTIVE_COMPILATION_CONDITIONS = DEBUG;
				SWIFT_OPTIMIZATION_LEVEL = "-Onone";
			};
			name = Debug;
		};
		EB5F058A1FD8E24500EDEB3C /* Release */ = {
			isa = XCBuildConfiguration;
			buildSettings = {
				ALWAYS_SEARCH_USER_PATHS = NO;
				CLANG_ANALYZER_NONNULL = YES;
				CLANG_ANALYZER_NUMBER_OBJECT_CONVERSION = YES_AGGRESSIVE;
				CLANG_CXX_LANGUAGE_STANDARD = "gnu++14";
				CLANG_CXX_LIBRARY = "libc++";
				CLANG_ENABLE_MODULES = YES;
				CLANG_ENABLE_OBJC_ARC = YES;
				CLANG_WARN_BLOCK_CAPTURE_AUTORELEASING = YES;
				CLANG_WARN_BOOL_CONVERSION = YES;
				CLANG_WARN_COMMA = YES;
				CLANG_WARN_CONSTANT_CONVERSION = YES;
				CLANG_WARN_DIRECT_OBJC_ISA_USAGE = YES_ERROR;
				CLANG_WARN_DOCUMENTATION_COMMENTS = YES;
				CLANG_WARN_EMPTY_BODY = YES;
				CLANG_WARN_ENUM_CONVERSION = YES;
				CLANG_WARN_INFINITE_RECURSION = YES;
				CLANG_WARN_INT_CONVERSION = YES;
				CLANG_WARN_NON_LITERAL_NULL_CONVERSION = YES;
				CLANG_WARN_OBJC_LITERAL_CONVERSION = YES;
				CLANG_WARN_OBJC_ROOT_CLASS = YES_ERROR;
				CLANG_WARN_RANGE_LOOP_ANALYSIS = YES;
				CLANG_WARN_STRICT_PROTOTYPES = YES;
				CLANG_WARN_SUSPICIOUS_MOVE = YES;
				CLANG_WARN_UNGUARDED_AVAILABILITY = YES_AGGRESSIVE;
				CLANG_WARN_UNREACHABLE_CODE = YES;
				CLANG_WARN__DUPLICATE_METHOD_MATCH = YES;
				CODE_SIGN_IDENTITY = "iPhone Developer";
				COPY_PHASE_STRIP = NO;
				DEBUG_INFORMATION_FORMAT = "dwarf-with-dsym";
				ENABLE_NS_ASSERTIONS = NO;
				ENABLE_STRICT_OBJC_MSGSEND = YES;
				GCC_C_LANGUAGE_STANDARD = gnu11;
				GCC_NO_COMMON_BLOCKS = YES;
				GCC_WARN_64_TO_32_BIT_CONVERSION = YES;
				GCC_WARN_ABOUT_RETURN_TYPE = YES_ERROR;
				GCC_WARN_UNDECLARED_SELECTOR = YES;
				GCC_WARN_UNINITIALIZED_AUTOS = YES_AGGRESSIVE;
				GCC_WARN_UNUSED_FUNCTION = YES;
				GCC_WARN_UNUSED_VARIABLE = YES;
				IPHONEOS_DEPLOYMENT_TARGET = 11.2;
				MTL_ENABLE_DEBUG_INFO = NO;
				SDKROOT = iphoneos;
				SWIFT_OPTIMIZATION_LEVEL = "-Owholemodule";
				VALIDATE_PRODUCT = YES;
			};
			name = Release;
		};
		EB5F058C1FD8E24500EDEB3C /* Debug */ = {
			isa = XCBuildConfiguration;
			buildSettings = {
				ASSETCATALOG_COMPILER_APPICON_NAME = AppIcon;
				CODE_SIGN_STYLE = Automatic;
				DEVELOPMENT_TEAM = 6X85PLZ26L;
				INFOPLIST_FILE = RockPaperScissors/Info.plist;
				LD_RUNPATH_SEARCH_PATHS = "$(inherited) @executable_path/Frameworks";
				PRODUCT_BUNDLE_IDENTIFIER = com.98chimp.RockPaperScissors;
				PRODUCT_NAME = "$(TARGET_NAME)";
				SWIFT_VERSION = 4.0;
				TARGETED_DEVICE_FAMILY = "1,2";
			};
			name = Debug;
		};
		EB5F058D1FD8E24500EDEB3C /* Release */ = {
			isa = XCBuildConfiguration;
			buildSettings = {
				ASSETCATALOG_COMPILER_APPICON_NAME = AppIcon;
				CODE_SIGN_STYLE = Automatic;
				DEVELOPMENT_TEAM = 6X85PLZ26L;
				INFOPLIST_FILE = RockPaperScissors/Info.plist;
				LD_RUNPATH_SEARCH_PATHS = "$(inherited) @executable_path/Frameworks";
				PRODUCT_BUNDLE_IDENTIFIER = com.98chimp.RockPaperScissors;
				PRODUCT_NAME = "$(TARGET_NAME)";
				SWIFT_VERSION = 4.0;
				TARGETED_DEVICE_FAMILY = "1,2";
			};
			name = Release;
		};
		EB5F058F1FD8E24500EDEB3C /* Debug */ = {
			isa = XCBuildConfiguration;
			buildSettings = {
				ALWAYS_EMBED_SWIFT_STANDARD_LIBRARIES = YES;
				BUNDLE_LOADER = "$(TEST_HOST)";
				CODE_SIGN_STYLE = Automatic;
				DEVELOPMENT_TEAM = 6X85PLZ26L;
				INFOPLIST_FILE = RockPaperScissorsTests/Info.plist;
				LD_RUNPATH_SEARCH_PATHS = "$(inherited) @executable_path/Frameworks @loader_path/Frameworks";
				PRODUCT_BUNDLE_IDENTIFIER = com.98chimp.RockPaperScissorsTests;
				PRODUCT_NAME = "$(TARGET_NAME)";
				SWIFT_VERSION = 4.0;
				TARGETED_DEVICE_FAMILY = "1,2";
				TEST_HOST = "$(BUILT_PRODUCTS_DIR)/RockPaperScissors.app/RockPaperScissors";
			};
			name = Debug;
		};
		EB5F05901FD8E24500EDEB3C /* Release */ = {
			isa = XCBuildConfiguration;
			buildSettings = {
				ALWAYS_EMBED_SWIFT_STANDARD_LIBRARIES = YES;
				BUNDLE_LOADER = "$(TEST_HOST)";
				CODE_SIGN_STYLE = Automatic;
				DEVELOPMENT_TEAM = 6X85PLZ26L;
				INFOPLIST_FILE = RockPaperScissorsTests/Info.plist;
				LD_RUNPATH_SEARCH_PATHS = "$(inherited) @executable_path/Frameworks @loader_path/Frameworks";
				PRODUCT_BUNDLE_IDENTIFIER = com.98chimp.RockPaperScissorsTests;
				PRODUCT_NAME = "$(TARGET_NAME)";
				SWIFT_VERSION = 4.0;
				TARGETED_DEVICE_FAMILY = "1,2";
				TEST_HOST = "$(BUILT_PRODUCTS_DIR)/RockPaperScissors.app/RockPaperScissors";
			};
			name = Release;
		};
		EB5F05921FD8E24500EDEB3C /* Debug */ = {
			isa = XCBuildConfiguration;
			buildSettings = {
				ALWAYS_EMBED_SWIFT_STANDARD_LIBRARIES = YES;
				CODE_SIGN_STYLE = Automatic;
				DEVELOPMENT_TEAM = 6X85PLZ26L;
				INFOPLIST_FILE = RockPaperScissorsUITests/Info.plist;
				LD_RUNPATH_SEARCH_PATHS = "$(inherited) @executable_path/Frameworks @loader_path/Frameworks";
				PRODUCT_BUNDLE_IDENTIFIER = com.98chimp.RockPaperScissorsUITests;
				PRODUCT_NAME = "$(TARGET_NAME)";
				SWIFT_VERSION = 4.0;
				TARGETED_DEVICE_FAMILY = "1,2";
				TEST_TARGET_NAME = RockPaperScissors;
			};
			name = Debug;
		};
		EB5F05931FD8E24500EDEB3C /* Release */ = {
			isa = XCBuildConfiguration;
			buildSettings = {
				ALWAYS_EMBED_SWIFT_STANDARD_LIBRARIES = YES;
				CODE_SIGN_STYLE = Automatic;
				DEVELOPMENT_TEAM = 6X85PLZ26L;
				INFOPLIST_FILE = RockPaperScissorsUITests/Info.plist;
				LD_RUNPATH_SEARCH_PATHS = "$(inherited) @executable_path/Frameworks @loader_path/Frameworks";
				PRODUCT_BUNDLE_IDENTIFIER = com.98chimp.RockPaperScissorsUITests;
				PRODUCT_NAME = "$(TARGET_NAME)";
				SWIFT_VERSION = 4.0;
				TARGETED_DEVICE_FAMILY = "1,2";
				TEST_TARGET_NAME = RockPaperScissors;
			};
			name = Release;
		};
/* End XCBuildConfiguration section */

/* Begin XCConfigurationList section */
		EB5F055E1FD8E24400EDEB3C /* Build configuration list for PBXProject "RockPaperScissors" */ = {
			isa = XCConfigurationList;
			buildConfigurations = (
				EB5F05891FD8E24500EDEB3C /* Debug */,
				EB5F058A1FD8E24500EDEB3C /* Release */,
			);
			defaultConfigurationIsVisible = 0;
			defaultConfigurationName = Release;
		};
		EB5F058B1FD8E24500EDEB3C /* Build configuration list for PBXNativeTarget "RockPaperScissors" */ = {
			isa = XCConfigurationList;
			buildConfigurations = (
				EB5F058C1FD8E24500EDEB3C /* Debug */,
				EB5F058D1FD8E24500EDEB3C /* Release */,
			);
			defaultConfigurationIsVisible = 0;
			defaultConfigurationName = Release;
		};
		EB5F058E1FD8E24500EDEB3C /* Build configuration list for PBXNativeTarget "RockPaperScissorsTests" */ = {
			isa = XCConfigurationList;
			buildConfigurations = (
				EB5F058F1FD8E24500EDEB3C /* Debug */,
				EB5F05901FD8E24500EDEB3C /* Release */,
			);
			defaultConfigurationIsVisible = 0;
			defaultConfigurationName = Release;
		};
		EB5F05911FD8E24500EDEB3C /* Build configuration list for PBXNativeTarget "RockPaperScissorsUITests" */ = {
			isa = XCConfigurationList;
			buildConfigurations = (
				EB5F05921FD8E24500EDEB3C /* Debug */,
				EB5F05931FD8E24500EDEB3C /* Release */,
			);
			defaultConfigurationIsVisible = 0;
			defaultConfigurationName = Release;
		};
/* End XCConfigurationList section */
	};
	rootObject = EB5F055B1FD8E24400EDEB3C /* Project object */;
}
